// !$*UTF8*$!
{
	archiveVersion = 1;
	classes = {
	};
	objectVersion = 55;
	objects = {

/* Begin PBXBuildFile section */
		1B22F751298EC6A4008EA386 /* vipertestApp.swift in Sources */ = {isa = PBXBuildFile; fileRef = 1B22F750298EC6A4008EA386 /* vipertestApp.swift */; };
		1B22F753298EC6A4008EA386 /* ContentView.swift in Sources */ = {isa = PBXBuildFile; fileRef = 1B22F752298EC6A4008EA386 /* ContentView.swift */; };
		1B22F755298EC6A6008EA386 /* Assets.xcassets in Resources */ = {isa = PBXBuildFile; fileRef = 1B22F754298EC6A6008EA386 /* Assets.xcassets */; };
		1B22F758298EC6A6008EA386 /* Preview Assets.xcassets in Resources */ = {isa = PBXBuildFile; fileRef = 1B22F757298EC6A6008EA386 /* Preview Assets.xcassets */; };
		1B22F762298EC7D0008EA386 /* DetailView.swift in Sources */ = {isa = PBXBuildFile; fileRef = 1B22F75E298EC7D0008EA386 /* DetailView.swift */; };
		1B22F763298EC7D0008EA386 /* HomeView.swift in Sources */ = {isa = PBXBuildFile; fileRef = 1B22F75F298EC7D0008EA386 /* HomeView.swift */; };
		1B22F76D298ECEFC008EA386 /* AmiiboSimple.swift in Sources */ = {isa = PBXBuildFile; fileRef = 1B22F769298ECEFC008EA386 /* AmiiboSimple.swift */; };
		1B22F76E298ECEFC008EA386 /* HomeInteractor.swift in Sources */ = {isa = PBXBuildFile; fileRef = 1B22F76A298ECEFC008EA386 /* HomeInteractor.swift */; };
		1B22F770298ECEFC008EA386 /* amiibo.json in Resources */ = {isa = PBXBuildFile; fileRef = 1B22F76C298ECEFC008EA386 /* amiibo.json */; };
		1BFD1429299418D6004EA95F /* HomeRouter.swift in Sources */ = {isa = PBXBuildFile; fileRef = 1BFD1428299418D6004EA95F /* HomeRouter.swift */; };
		1BFD143829983982004EA95F /* DataExt.swift in Sources */ = {isa = PBXBuildFile; fileRef = 1BFD143729983982004EA95F /* DataExt.swift */; };
		1BFD143B29984EB8004EA95F /* HomePresenter.swift in Sources */ = {isa = PBXBuildFile; fileRef = 1BFD143A29984EB8004EA95F /* HomePresenter.swift */; };
		1BFD143E29985DDB004EA95F /* DetailsInteractor.swift in Sources */ = {isa = PBXBuildFile; fileRef = 1BFD143329982E60004EA95F /* DetailsInteractor.swift */; };
		1BFD143F29985DDE004EA95F /* DetailsPresenter.swift in Sources */ = {isa = PBXBuildFile; fileRef = 1BFD143C29985760004EA95F /* DetailsPresenter.swift */; };
		1BFD144029985DE1004EA95F /* DetailsRouter.swift in Sources */ = {isa = PBXBuildFile; fileRef = 1BFD1434299830C5004EA95F /* DetailsRouter.swift */; };
		1BFD144129985DE4004EA95F /* Amiibo.swift in Sources */ = {isa = PBXBuildFile; fileRef = 1BFD1435299830D9004EA95F /* Amiibo.swift */; };
/* End PBXBuildFile section */

/* Begin PBXFileReference section */
		1B22F74D298EC6A4008EA386 /* vipertest.app */ = {isa = PBXFileReference; explicitFileType = wrapper.application; includeInIndex = 0; path = vipertest.app; sourceTree = BUILT_PRODUCTS_DIR; };
		1B22F750298EC6A4008EA386 /* vipertestApp.swift */ = {isa = PBXFileReference; lastKnownFileType = sourcecode.swift; path = vipertestApp.swift; sourceTree = "<group>"; };
		1B22F752298EC6A4008EA386 /* ContentView.swift */ = {isa = PBXFileReference; lastKnownFileType = sourcecode.swift; path = ContentView.swift; sourceTree = "<group>"; };
		1B22F754298EC6A6008EA386 /* Assets.xcassets */ = {isa = PBXFileReference; lastKnownFileType = folder.assetcatalog; path = Assets.xcassets; sourceTree = "<group>"; };
		1B22F757298EC6A6008EA386 /* Preview Assets.xcassets */ = {isa = PBXFileReference; lastKnownFileType = folder.assetcatalog; path = "Preview Assets.xcassets"; sourceTree = "<group>"; };
		1B22F75E298EC7D0008EA386 /* DetailView.swift */ = {isa = PBXFileReference; fileEncoding = 4; lastKnownFileType = sourcecode.swift; path = DetailView.swift; sourceTree = "<group>"; };
		1B22F75F298EC7D0008EA386 /* HomeView.swift */ = {isa = PBXFileReference; fileEncoding = 4; lastKnownFileType = sourcecode.swift; path = HomeView.swift; sourceTree = "<group>"; };
		1B22F769298ECEFC008EA386 /* AmiiboSimple.swift */ = {isa = PBXFileReference; fileEncoding = 4; lastKnownFileType = sourcecode.swift; path = AmiiboSimple.swift; sourceTree = "<group>"; };
		1B22F76A298ECEFC008EA386 /* HomeInteractor.swift */ = {isa = PBXFileReference; fileEncoding = 4; lastKnownFileType = sourcecode.swift; path = HomeInteractor.swift; sourceTree = "<group>"; };
		1B22F76C298ECEFC008EA386 /* amiibo.json */ = {isa = PBXFileReference; fileEncoding = 4; lastKnownFileType = text.json; path = amiibo.json; sourceTree = "<group>"; };
		1BFD1428299418D6004EA95F /* HomeRouter.swift */ = {isa = PBXFileReference; lastKnownFileType = sourcecode.swift; path = HomeRouter.swift; sourceTree = "<group>"; };
		1BFD143329982E60004EA95F /* DetailsInteractor.swift */ = {isa = PBXFileReference; lastKnownFileType = sourcecode.swift; path = DetailsInteractor.swift; sourceTree = "<group>"; };
		1BFD1434299830C5004EA95F /* DetailsRouter.swift */ = {isa = PBXFileReference; lastKnownFileType = sourcecode.swift; path = DetailsRouter.swift; sourceTree = "<group>"; };
		1BFD1435299830D9004EA95F /* Amiibo.swift */ = {isa = PBXFileReference; lastKnownFileType = sourcecode.swift; path = Amiibo.swift; sourceTree = "<group>"; };
		1BFD143729983982004EA95F /* DataExt.swift */ = {isa = PBXFileReference; lastKnownFileType = sourcecode.swift; path = DataExt.swift; sourceTree = "<group>"; };
		1BFD143A29984EB8004EA95F /* HomePresenter.swift */ = {isa = PBXFileReference; lastKnownFileType = sourcecode.swift; path = HomePresenter.swift; sourceTree = "<group>"; };
		1BFD143C29985760004EA95F /* DetailsPresenter.swift */ = {isa = PBXFileReference; lastKnownFileType = sourcecode.swift; path = DetailsPresenter.swift; sourceTree = "<group>"; };
		1BFD1442299AF9BF004EA95F /* README.md */ = {isa = PBXFileReference; lastKnownFileType = net.daringfireball.markdown; path = README.md; sourceTree = "<group>"; };
/* End PBXFileReference section */

/* Begin PBXFrameworksBuildPhase section */
		1B22F74A298EC6A4008EA386 /* Frameworks */ = {
			isa = PBXFrameworksBuildPhase;
			buildActionMask = 2147483647;
			files = (
			);
			runOnlyForDeploymentPostprocessing = 0;
		};
/* End PBXFrameworksBuildPhase section */

/* Begin PBXGroup section */
		1B22F744298EC6A4008EA386 = {
			isa = PBXGroup;
			children = (
				1BFD1442299AF9BF004EA95F /* README.md */,
				1B22F74F298EC6A4008EA386 /* vipertest */,
				1B22F74E298EC6A4008EA386 /* Products */,
			);
			sourceTree = "<group>";
		};
		1B22F74E298EC6A4008EA386 /* Products */ = {
			isa = PBXGroup;
			children = (
				1B22F74D298EC6A4008EA386 /* vipertest.app */,
			);
			name = Products;
			sourceTree = "<group>";
		};
		1B22F74F298EC6A4008EA386 /* vipertest */ = {
			isa = PBXGroup;
			children = (
				1BFD143929983C06004EA95F /* feature */,
				1BFD14362998396A004EA95F /* core */,
				1B22F766298EC7F2008EA386 /* application */,
				1B22F752298EC6A4008EA386 /* ContentView.swift */,
				1B22F756298EC6A6008EA386 /* Preview Content */,
			);
			path = vipertest;
			sourceTree = "<group>";
		};
		1B22F756298EC6A6008EA386 /* Preview Content */ = {
			isa = PBXGroup;
			children = (
				1B22F757298EC6A6008EA386 /* Preview Assets.xcassets */,
			);
			path = "Preview Content";
			sourceTree = "<group>";
		};
		1B22F766298EC7F2008EA386 /* application */ = {
			isa = PBXGroup;
			children = (
				1B22F750298EC6A4008EA386 /* vipertestApp.swift */,
			);
			path = application;
			sourceTree = "<group>";
		};
		1B22F767298EC800008EA386 /* view */ = {
			isa = PBXGroup;
			children = (
				1B22F75F298EC7D0008EA386 /* HomeView.swift */,
			);
			path = view;
			sourceTree = "<group>";
		};
		1B22F768298ECEE6008EA386 /* interactor */ = {
			isa = PBXGroup;
			children = (
				1B22F76A298ECEFC008EA386 /* HomeInteractor.swift */,
			);
			path = interactor;
			sourceTree = "<group>";
		};
		1BFD142329941878004EA95F /* entity */ = {
			isa = PBXGroup;
			children = (
				1B22F769298ECEFC008EA386 /* AmiiboSimple.swift */,
			);
			path = entity;
			sourceTree = "<group>";
		};
		1BFD1424299418A2004EA95F /* router */ = {
			isa = PBXGroup;
			children = (
				1BFD1428299418D6004EA95F /* HomeRouter.swift */,
			);
			path = router;
			sourceTree = "<group>";
		};
		1BFD1425299418AA004EA95F /* presenter */ = {
			isa = PBXGroup;
			children = (
				1BFD143A29984EB8004EA95F /* HomePresenter.swift */,
			);
			path = presenter;
			sourceTree = "<group>";
		};
		1BFD142A299418E1004EA95F /* Assets */ = {
			isa = PBXGroup;
			children = (
				1B22F76C298ECEFC008EA386 /* amiibo.json */,
			);
			path = Assets;
			sourceTree = "<group>";
		};
		1BFD142B29982928004EA95F /* home */ = {
			isa = PBXGroup;
			children = (
				1B22F767298EC800008EA386 /* view */,
				1B22F768298ECEE6008EA386 /* interactor */,
				1BFD142329941878004EA95F /* entity */,
				1BFD1424299418A2004EA95F /* router */,
				1BFD1425299418AA004EA95F /* presenter */,
			);
			path = home;
			sourceTree = "<group>";
		};
		1BFD142C29982937004EA95F /* details */ = {
			isa = PBXGroup;
			children = (
				1BFD142F29982E07004EA95F /* view */,
				1BFD142E29982D13004EA95F /* interactor */,
				1BFD143229982E2A004EA95F /* presenter */,
				1BFD143129982E22004EA95F /* router */,
				1BFD143029982E11004EA95F /* entity */,
			);
			path = details;
			sourceTree = "<group>";
		};
		1BFD142E29982D13004EA95F /* interactor */ = {
			isa = PBXGroup;
			children = (
				1BFD143329982E60004EA95F /* DetailsInteractor.swift */,
			);
			path = interactor;
			sourceTree = "<group>";
		};
		1BFD142F29982E07004EA95F /* view */ = {
			isa = PBXGroup;
			children = (
				1B22F75E298EC7D0008EA386 /* DetailView.swift */,
			);
			path = view;
			sourceTree = "<group>";
		};
		1BFD143029982E11004EA95F /* entity */ = {
			isa = PBXGroup;
			children = (
				1BFD1435299830D9004EA95F /* Amiibo.swift */,
			);
			path = entity;
			sourceTree = "<group>";
		};
		1BFD143129982E22004EA95F /* router */ = {
			isa = PBXGroup;
			children = (
				1BFD1434299830C5004EA95F /* DetailsRouter.swift */,
			);
			path = router;
			sourceTree = "<group>";
		};
		1BFD143229982E2A004EA95F /* presenter */ = {
			isa = PBXGroup;
			children = (
				1BFD143C29985760004EA95F /* DetailsPresenter.swift */,
			);
			path = presenter;
			sourceTree = "<group>";
		};
		1BFD14362998396A004EA95F /* core */ = {
			isa = PBXGroup;
			children = (
				1B22F754298EC6A6008EA386 /* Assets.xcassets */,
				1BFD142A299418E1004EA95F /* Assets */,
				1BFD143729983982004EA95F /* DataExt.swift */,
			);
			path = core;
			sourceTree = "<group>";
		};
		1BFD143929983C06004EA95F /* feature */ = {
			isa = PBXGroup;
			children = (
				1BFD142B29982928004EA95F /* home */,
				1BFD142C29982937004EA95F /* details */,
			);
			path = feature;
			sourceTree = "<group>";
		};
/* End PBXGroup section */

/* Begin PBXNativeTarget section */
		1B22F74C298EC6A4008EA386 /* vipertest */ = {
			isa = PBXNativeTarget;
			buildConfigurationList = 1B22F75B298EC6A6008EA386 /* Build configuration list for PBXNativeTarget "vipertest" */;
			buildPhases = (
				1B22F749298EC6A4008EA386 /* Sources */,
				1B22F74A298EC6A4008EA386 /* Frameworks */,
				1B22F74B298EC6A4008EA386 /* Resources */,
			);
			buildRules = (
			);
			dependencies = (
			);
			name = vipertest;
			productName = vipertest;
			productReference = 1B22F74D298EC6A4008EA386 /* vipertest.app */;
			productType = "com.apple.product-type.application";
		};
/* End PBXNativeTarget section */

/* Begin PBXProject section */
		1B22F745298EC6A4008EA386 /* Project object */ = {
			isa = PBXProject;
			attributes = {
				BuildIndependentTargetsInParallel = 1;
				LastSwiftUpdateCheck = 1340;
				LastUpgradeCheck = 1340;
				TargetAttributes = {
					1B22F74C298EC6A4008EA386 = {
						CreatedOnToolsVersion = 13.4.1;
					};
				};
			};
			buildConfigurationList = 1B22F748298EC6A4008EA386 /* Build configuration list for PBXProject "vipertest" */;
			compatibilityVersion = "Xcode 13.0";
			developmentRegion = en;
			hasScannedForEncodings = 0;
			knownRegions = (
				en,
				Base,
			);
			mainGroup = 1B22F744298EC6A4008EA386;
			productRefGroup = 1B22F74E298EC6A4008EA386 /* Products */;
			projectDirPath = "";
			projectRoot = "";
			targets = (
				1B22F74C298EC6A4008EA386 /* vipertest */,
			);
		};
/* End PBXProject section */

/* Begin PBXResourcesBuildPhase section */
		1B22F74B298EC6A4008EA386 /* Resources */ = {
			isa = PBXResourcesBuildPhase;
			buildActionMask = 2147483647;
			files = (
				1B22F770298ECEFC008EA386 /* amiibo.json in Resources */,
				1B22F758298EC6A6008EA386 /* Preview Assets.xcassets in Resources */,
				1B22F755298EC6A6008EA386 /* Assets.xcassets in Resources */,
			);
			runOnlyForDeploymentPostprocessing = 0;
		};
/* End PBXResourcesBuildPhase section */

/* Begin PBXSourcesBuildPhase section */
		1B22F749298EC6A4008EA386 /* Sources */ = {
			isa = PBXSourcesBuildPhase;
			buildActionMask = 2147483647;
			files = (
				1B22F753298EC6A4008EA386 /* ContentView.swift in Sources */,
				1BFD144029985DE1004EA95F /* DetailsRouter.swift in Sources */,
				1B22F76E298ECEFC008EA386 /* HomeInteractor.swift in Sources */,
				1BFD143B29984EB8004EA95F /* HomePresenter.swift in Sources */,
				1B22F76D298ECEFC008EA386 /* AmiiboSimple.swift in Sources */,
				1BFD143829983982004EA95F /* DataExt.swift in Sources */,
				1BFD144129985DE4004EA95F /* Amiibo.swift in Sources */,
				1BFD143F29985DDE004EA95F /* DetailsPresenter.swift in Sources */,
				1BFD143E29985DDB004EA95F /* DetailsInteractor.swift in Sources */,
				1B22F763298EC7D0008EA386 /* HomeView.swift in Sources */,
				1BFD1429299418D6004EA95F /* HomeRouter.swift in Sources */,
				1B22F762298EC7D0008EA386 /* DetailView.swift in Sources */,
				1B22F751298EC6A4008EA386 /* vipertestApp.swift in Sources */,
			);
			runOnlyForDeploymentPostprocessing = 0;
		};
/* End PBXSourcesBuildPhase section */

/* Begin XCBuildConfiguration section */
		1B22F759298EC6A6008EA386 /* Debug */ = {
			isa = XCBuildConfiguration;
			buildSettings = {
				ALWAYS_SEARCH_USER_PATHS = NO;
				CLANG_ANALYZER_NONNULL = YES;
				CLANG_ANALYZER_NUMBER_OBJECT_CONVERSION = YES_AGGRESSIVE;
				CLANG_CXX_LANGUAGE_STANDARD = "gnu++17";
				CLANG_ENABLE_MODULES = YES;
				CLANG_ENABLE_OBJC_ARC = YES;
				CLANG_ENABLE_OBJC_WEAK = YES;
				CLANG_WARN_BLOCK_CAPTURE_AUTORELEASING = YES;
				CLANG_WARN_BOOL_CONVERSION = YES;
				CLANG_WARN_COMMA = YES;
				CLANG_WARN_CONSTANT_CONVERSION = YES;
				CLANG_WARN_DEPRECATED_OBJC_IMPLEMENTATIONS = YES;
				CLANG_WARN_DIRECT_OBJC_ISA_USAGE = YES_ERROR;
				CLANG_WARN_DOCUMENTATION_COMMENTS = YES;
				CLANG_WARN_EMPTY_BODY = YES;
				CLANG_WARN_ENUM_CONVERSION = YES;
				CLANG_WARN_INFINITE_RECURSION = YES;
				CLANG_WARN_INT_CONVERSION = YES;
				CLANG_WARN_NON_LITERAL_NULL_CONVERSION = YES;
				CLANG_WARN_OBJC_IMPLICIT_RETAIN_SELF = YES;
				CLANG_WARN_OBJC_LITERAL_CONVERSION = YES;
				CLANG_WARN_OBJC_ROOT_CLASS = YES_ERROR;
				CLANG_WARN_QUOTED_INCLUDE_IN_FRAMEWORK_HEADER = YES;
				CLANG_WARN_RANGE_LOOP_ANALYSIS = YES;
				CLANG_WARN_STRICT_PROTOTYPES = YES;
				CLANG_WARN_SUSPICIOUS_MOVE = YES;
				CLANG_WARN_UNGUARDED_AVAILABILITY = YES_AGGRESSIVE;
				CLANG_WARN_UNREACHABLE_CODE = YES;
				CLANG_WARN__DUPLICATE_METHOD_MATCH = YES;
				COPY_PHASE_STRIP = NO;
				DEBUG_INFORMATION_FORMAT = dwarf;
				ENABLE_STRICT_OBJC_MSGSEND = YES;
				ENABLE_TESTABILITY = YES;
				GCC_C_LANGUAGE_STANDARD = gnu11;
				GCC_DYNAMIC_NO_PIC = NO;
				GCC_NO_COMMON_BLOCKS = YES;
				GCC_OPTIMIZATION_LEVEL = 0;
				GCC_PREPROCESSOR_DEFINITIONS = (
					"DEBUG=1",
					"$(inherited)",
				);
				GCC_WARN_64_TO_32_BIT_CONVERSION = YES;
				GCC_WARN_ABOUT_RETURN_TYPE = YES_ERROR;
				GCC_WARN_UNDECLARED_SELECTOR = YES;
				GCC_WARN_UNINITIALIZED_AUTOS = YES_AGGRESSIVE;
				GCC_WARN_UNUSED_FUNCTION = YES;
				GCC_WARN_UNUSED_VARIABLE = YES;
				IPHONEOS_DEPLOYMENT_TARGET = 15.5;
				MTL_ENABLE_DEBUG_INFO = INCLUDE_SOURCE;
				MTL_FAST_MATH = YES;
				ONLY_ACTIVE_ARCH = YES;
				SDKROOT = iphoneos;
				SWIFT_ACTIVE_COMPILATION_CONDITIONS = DEBUG;
				SWIFT_OPTIMIZATION_LEVEL = "-Onone";
			};
			name = Debug;
		};
		1B22F75A298EC6A6008EA386 /* Release */ = {
			isa = XCBuildConfiguration;
			buildSettings = {
				ALWAYS_SEARCH_USER_PATHS = NO;
				CLANG_ANALYZER_NONNULL = YES;
				CLANG_ANALYZER_NUMBER_OBJECT_CONVERSION = YES_AGGRESSIVE;
				CLANG_CXX_LANGUAGE_STANDARD = "gnu++17";
				CLANG_ENABLE_MODULES = YES;
				CLANG_ENABLE_OBJC_ARC = YES;
				CLANG_ENABLE_OBJC_WEAK = YES;
				CLANG_WARN_BLOCK_CAPTURE_AUTORELEASING = YES;
				CLANG_WARN_BOOL_CONVERSION = YES;
				CLANG_WARN_COMMA = YES;
				CLANG_WARN_CONSTANT_CONVERSION = YES;
				CLANG_WARN_DEPRECATED_OBJC_IMPLEMENTATIONS = YES;
				CLANG_WARN_DIRECT_OBJC_ISA_USAGE = YES_ERROR;
				CLANG_WARN_DOCUMENTATION_COMMENTS = YES;
				CLANG_WARN_EMPTY_BODY = YES;
				CLANG_WARN_ENUM_CONVERSION = YES;
				CLANG_WARN_INFINITE_RECURSION = YES;
				CLANG_WARN_INT_CONVERSION = YES;
				CLANG_WARN_NON_LITERAL_NULL_CONVERSION = YES;
				CLANG_WARN_OBJC_IMPLICIT_RETAIN_SELF = YES;
				CLANG_WARN_OBJC_LITERAL_CONVERSION = YES;
				CLANG_WARN_OBJC_ROOT_CLASS = YES_ERROR;
				CLANG_WARN_QUOTED_INCLUDE_IN_FRAMEWORK_HEADER = YES;
				CLANG_WARN_RANGE_LOOP_ANALYSIS = YES;
				CLANG_WARN_STRICT_PROTOTYPES = YES;
				CLANG_WARN_SUSPICIOUS_MOVE = YES;
				CLANG_WARN_UNGUARDED_AVAILABILITY = YES_AGGRESSIVE;
				CLANG_WARN_UNREACHABLE_CODE = YES;
				CLANG_WARN__DUPLICATE_METHOD_MATCH = YES;
				COPY_PHASE_STRIP = NO;
				DEBUG_INFORMATION_FORMAT = "dwarf-with-dsym";
				ENABLE_NS_ASSERTIONS = NO;
				ENABLE_STRICT_OBJC_MSGSEND = YES;
				GCC_C_LANGUAGE_STANDARD = gnu11;
				GCC_NO_COMMON_BLOCKS = YES;
				GCC_WARN_64_TO_32_BIT_CONVERSION = YES;
				GCC_WARN_ABOUT_RETURN_TYPE = YES_ERROR;
				GCC_WARN_UNDECLARED_SELECTOR = YES;
				GCC_WARN_UNINITIALIZED_AUTOS = YES_AGGRESSIVE;
				GCC_WARN_UNUSED_FUNCTION = YES;
				GCC_WARN_UNUSED_VARIABLE = YES;
				IPHONEOS_DEPLOYMENT_TARGET = 15.5;
				MTL_ENABLE_DEBUG_INFO = NO;
				MTL_FAST_MATH = YES;
				SDKROOT = iphoneos;
				SWIFT_COMPILATION_MODE = wholemodule;
				SWIFT_OPTIMIZATION_LEVEL = "-O";
				VALIDATE_PRODUCT = YES;
			};
			name = Release;
		};
		1B22F75C298EC6A6008EA386 /* Debug */ = {
			isa = XCBuildConfiguration;
			buildSettings = {
				ASSETCATALOG_COMPILER_APPICON_NAME = AppIcon;
				ASSETCATALOG_COMPILER_GLOBAL_ACCENT_COLOR_NAME = AccentColor;
				CODE_SIGN_STYLE = Automatic;
				CURRENT_PROJECT_VERSION = 1;
				DEVELOPMENT_ASSET_PATHS = "\"vipertest/Preview Content\"";
				DEVELOPMENT_TEAM = TPTZGCTSVC;
				ENABLE_PREVIEWS = YES;
				GENERATE_INFOPLIST_FILE = YES;
				INFOPLIST_KEY_UIApplicationSceneManifest_Generation = YES;
				INFOPLIST_KEY_UIApplicationSupportsIndirectInputEvents = YES;
				INFOPLIST_KEY_UILaunchScreen_Generation = YES;
				INFOPLIST_KEY_UISupportedInterfaceOrientations_iPad = "UIInterfaceOrientationPortrait UIInterfaceOrientationPortraitUpsideDown UIInterfaceOrientationLandscapeLeft UIInterfaceOrientationLandscapeRight";
				INFOPLIST_KEY_UISupportedInterfaceOrientations_iPhone = "UIInterfaceOrientationPortrait UIInterfaceOrientationLandscapeLeft UIInterfaceOrientationLandscapeRight";
				LD_RUNPATH_SEARCH_PATHS = (
					"$(inherited)",
					"@executable_path/Frameworks",
				);
				MARKETING_VERSION = 1.0;
				PRODUCT_BUNDLE_IDENTIFIER = com.quanticheart.vipertest;
				PRODUCT_NAME = "$(TARGET_NAME)";
				SWIFT_EMIT_LOC_STRINGS = YES;
				SWIFT_VERSION = 5.0;
				TARGETED_DEVICE_FAMILY = "1,2";
			};
			name = Debug;
		};
		1B22F75D298EC6A6008EA386 /* Release */ = {
			isa = XCBuildConfiguration;
			buildSettings = {
				ASSETCATALOG_COMPILER_APPICON_NAME = AppIcon;
				ASSETCATALOG_COMPILER_GLOBAL_ACCENT_COLOR_NAME = AccentColor;
				CODE_SIGN_STYLE = Automatic;
				CURRENT_PROJECT_VERSION = 1;
				DEVELOPMENT_ASSET_PATHS = "\"vipertest/Preview Content\"";
				DEVELOPMENT_TEAM = TPTZGCTSVC;
				ENABLE_PREVIEWS = YES;
				GENERATE_INFOPLIST_FILE = YES;
				INFOPLIST_KEY_UIApplicationSceneManifest_Generation = YES;
				INFOPLIST_KEY_UIApplicationSupportsIndirectInputEvents = YES;
				INFOPLIST_KEY_UILaunchScreen_Generation = YES;
				INFOPLIST_KEY_UISupportedInterfaceOrientations_iPad = "UIInterfaceOrientationPortrait UIInterfaceOrientationPortraitUpsideDown UIInterfaceOrientationLandscapeLeft UIInterfaceOrientationLandscapeRight";
				INFOPLIST_KEY_UISupportedInterfaceOrientations_iPhone = "UIInterfaceOrientationPortrait UIInterfaceOrientationLandscapeLeft UIInterfaceOrientationLandscapeRight";
				LD_RUNPATH_SEARCH_PATHS = (
					"$(inherited)",
					"@executable_path/Frameworks",
				);
				MARKETING_VERSION = 1.0;
				PRODUCT_BUNDLE_IDENTIFIER = com.quanticheart.vipertest;
				PRODUCT_NAME = "$(TARGET_NAME)";
				SWIFT_EMIT_LOC_STRINGS = YES;
				SWIFT_VERSION = 5.0;
				TARGETED_DEVICE_FAMILY = "1,2";
			};
			name = Release;
		};
/* End XCBuildConfiguration section */

/* Begin XCConfigurationList section */
		1B22F748298EC6A4008EA386 /* Build configuration list for PBXProject "vipertest" */ = {
			isa = XCConfigurationList;
			buildConfigurations = (
				1B22F759298EC6A6008EA386 /* Debug */,
				1B22F75A298EC6A6008EA386 /* Release */,
			);
			defaultConfigurationIsVisible = 0;
			defaultConfigurationName = Release;
		};
		1B22F75B298EC6A6008EA386 /* Build configuration list for PBXNativeTarget "vipertest" */ = {
			isa = XCConfigurationList;
			buildConfigurations = (
				1B22F75C298EC6A6008EA386 /* Debug */,
				1B22F75D298EC6A6008EA386 /* Release */,
			);
			defaultConfigurationIsVisible = 0;
			defaultConfigurationName = Release;
		};
/* End XCConfigurationList section */
	};
	rootObject = 1B22F745298EC6A4008EA386 /* Project object */;
}
